
Microsoft Visual Studio Solution File, Format Version 12.00
# Visual Studio Version 16
VisualStudioVersion = 16.0.31729.503
MinimumVisualStudioVersion = 10.0.40219.1
Project("{FAE04EC0-301F-11D3-BF4B-00C04F79EFBC}") = "PostGSQL", "PostGSQL\PostGSQL.csproj", "{A2E375D8-34A5-4FA1-8AD1-2EDBBFB14459}"
EndProject
Global
	GlobalSection(SolutionConfigurationPlatforms) = preSolution
		Debug|Any CPU = Debug|Any CPU
		Release|Any CPU = Release|Any CPU
	EndGlobalSection
	GlobalSection(ProjectConfigurationPlatforms) = postSolution
		{A2E375D8-34A5-4FA1-8AD1-2EDBBFB14459}.Debug|Any CPU.ActiveCfg = Debug|Any CPU
		{A2E375D8-34A5-4FA1-8AD1-2EDBBFB14459}.Debug|Any CPU.Build.0 = Debug|Any CPU
		{A2E375D8-34A5-4FA1-8AD1-2EDBBFB14459}.Release|Any CPU.ActiveCfg = Release|Any CPU
		{A2E375D8-34A5-4FA1-8AD1-2EDBBFB14459}.Release|Any CPU.Build.0 = Release|Any CPU
	EndGlobalSection
	GlobalSection(SolutionProperties) = preSolution
		HideSolutionNode = FALSE
	EndGlobalSection
	GlobalSection(ExtensibilityGlobals) = postSolution
		SolutionGuid = {F4224C29-937D-42F1-8629-70C51AE67005}
	EndGlobalSection
EndGlobal
